// !$*UTF8*$!
{
	archiveVersion = 1;
	classes = {
	};
	objectVersion = 56;
	objects = {

/* Begin PBXBuildFile section */
		4ECC61862C661B02008BB4DF /* AmeriCountApp.swift in Sources */ = {isa = PBXBuildFile; fileRef = 4ECC61852C661B02008BB4DF /* AmeriCountApp.swift */; };
		4ECC618A2C661B03008BB4DF /* Assets.xcassets in Resources */ = {isa = PBXBuildFile; fileRef = 4ECC61892C661B03008BB4DF /* Assets.xcassets */; };
		4ECC618D2C661B03008BB4DF /* Preview Assets.xcassets in Resources */ = {isa = PBXBuildFile; fileRef = 4ECC618C2C661B03008BB4DF /* Preview Assets.xcassets */; };
		4ECC61972C661B03008BB4DF /* AmeriCountTests.swift in Sources */ = {isa = PBXBuildFile; fileRef = 4ECC61962C661B03008BB4DF /* AmeriCountTests.swift */; };
		4ECC61A12C661B03008BB4DF /* AmeriCountUITests.swift in Sources */ = {isa = PBXBuildFile; fileRef = 4ECC61A02C661B03008BB4DF /* AmeriCountUITests.swift */; };
		4ECC61A32C661B03008BB4DF /* AmeriCountUITestsLaunchTests.swift in Sources */ = {isa = PBXBuildFile; fileRef = 4ECC61A22C661B03008BB4DF /* AmeriCountUITestsLaunchTests.swift */; };
		4ECC61BB2C6620B4008BB4DF /* NationalPopulationVM.swift in Sources */ = {isa = PBXBuildFile; fileRef = 4ECC61BA2C6620B4008BB4DF /* NationalPopulationVM.swift */; };
		4ECC61C12C6621A2008BB4DF /* StatePopulationVM.swift in Sources */ = {isa = PBXBuildFile; fileRef = 4ECC61C02C6621A2008BB4DF /* StatePopulationVM.swift */; };
		4ECC61C92C66233C008BB4DF /* NationalPopulationView.swift in Sources */ = {isa = PBXBuildFile; fileRef = 4ECC61C82C66233C008BB4DF /* NationalPopulationView.swift */; };
		4ECC61CB2C66238E008BB4DF /* StatePopulationView.swift in Sources */ = {isa = PBXBuildFile; fileRef = 4ECC61CA2C66238E008BB4DF /* StatePopulationView.swift */; };
		4ECC61CD2C6623E5008BB4DF /* MainView.swift in Sources */ = {isa = PBXBuildFile; fileRef = 4ECC61CC2C6623E5008BB4DF /* MainView.swift */; };
		4ECC61DF2C67FF46008BB4DF /* api in Frameworks */ = {isa = PBXBuildFile; productRef = 4ECC61DE2C67FF46008BB4DF /* api */; };
		4EDDA8AD2C6A74E1003A26B4 /* StateDetailView.swift in Sources */ = {isa = PBXBuildFile; fileRef = 4EDDA8AC2C6A74E1003A26B4 /* StateDetailView.swift */; };
		4EDDA8AF2C6A7E1B003A26B4 /* SearchBar.swift in Sources */ = {isa = PBXBuildFile; fileRef = 4EDDA8AE2C6A7E1B003A26B4 /* SearchBar.swift */; };
/* End PBXBuildFile section */

/* Begin PBXContainerItemProxy section */
		4ECC61932C661B03008BB4DF /* PBXContainerItemProxy */ = {
			isa = PBXContainerItemProxy;
			containerPortal = 4ECC617A2C661B02008BB4DF /* Project object */;
			proxyType = 1;
			remoteGlobalIDString = 4ECC61812C661B02008BB4DF;
			remoteInfo = AmeriCount;
		};
		4ECC619D2C661B03008BB4DF /* PBXContainerItemProxy */ = {
			isa = PBXContainerItemProxy;
			containerPortal = 4ECC617A2C661B02008BB4DF /* Project object */;
			proxyType = 1;
			remoteGlobalIDString = 4ECC61812C661B02008BB4DF;
			remoteInfo = AmeriCount;
		};
/* End PBXContainerItemProxy section */

/* Begin PBXFileReference section */
		4ECC61822C661B02008BB4DF /* AmeriCount.app */ = {isa = PBXFileReference; explicitFileType = wrapper.application; includeInIndex = 0; path = AmeriCount.app; sourceTree = BUILT_PRODUCTS_DIR; };
		4ECC61852C661B02008BB4DF /* AmeriCountApp.swift */ = {isa = PBXFileReference; lastKnownFileType = sourcecode.swift; path = AmeriCountApp.swift; sourceTree = "<group>"; };
		4ECC61892C661B03008BB4DF /* Assets.xcassets */ = {isa = PBXFileReference; lastKnownFileType = folder.assetcatalog; path = Assets.xcassets; sourceTree = "<group>"; };
		4ECC618C2C661B03008BB4DF /* Preview Assets.xcassets */ = {isa = PBXFileReference; lastKnownFileType = folder.assetcatalog; path = "Preview Assets.xcassets"; sourceTree = "<group>"; };
		4ECC61922C661B03008BB4DF /* AmeriCountTests.xctest */ = {isa = PBXFileReference; explicitFileType = wrapper.cfbundle; includeInIndex = 0; path = AmeriCountTests.xctest; sourceTree = BUILT_PRODUCTS_DIR; };
		4ECC61962C661B03008BB4DF /* AmeriCountTests.swift */ = {isa = PBXFileReference; lastKnownFileType = sourcecode.swift; path = AmeriCountTests.swift; sourceTree = "<group>"; };
		4ECC619C2C661B03008BB4DF /* AmeriCountUITests.xctest */ = {isa = PBXFileReference; explicitFileType = wrapper.cfbundle; includeInIndex = 0; path = AmeriCountUITests.xctest; sourceTree = BUILT_PRODUCTS_DIR; };
		4ECC61A02C661B03008BB4DF /* AmeriCountUITests.swift */ = {isa = PBXFileReference; lastKnownFileType = sourcecode.swift; path = AmeriCountUITests.swift; sourceTree = "<group>"; };
		4ECC61A22C661B03008BB4DF /* AmeriCountUITestsLaunchTests.swift */ = {isa = PBXFileReference; lastKnownFileType = sourcecode.swift; path = AmeriCountUITestsLaunchTests.swift; sourceTree = "<group>"; };
		4ECC61BA2C6620B4008BB4DF /* NationalPopulationVM.swift */ = {isa = PBXFileReference; lastKnownFileType = sourcecode.swift; path = NationalPopulationVM.swift; sourceTree = "<group>"; };
		4ECC61C02C6621A2008BB4DF /* StatePopulationVM.swift */ = {isa = PBXFileReference; lastKnownFileType = sourcecode.swift; path = StatePopulationVM.swift; sourceTree = "<group>"; };
		4ECC61C82C66233C008BB4DF /* NationalPopulationView.swift */ = {isa = PBXFileReference; lastKnownFileType = sourcecode.swift; path = NationalPopulationView.swift; sourceTree = "<group>"; };
		4ECC61CA2C66238E008BB4DF /* StatePopulationView.swift */ = {isa = PBXFileReference; lastKnownFileType = sourcecode.swift; path = StatePopulationView.swift; sourceTree = "<group>"; };
		4ECC61CC2C6623E5008BB4DF /* MainView.swift */ = {isa = PBXFileReference; lastKnownFileType = sourcecode.swift; path = MainView.swift; sourceTree = "<group>"; };
		4ECC61DC2C67FF30008BB4DF /* api */ = {isa = PBXFileReference; lastKnownFileType = wrapper; path = api; sourceTree = "<group>"; };
		4EDDA8AC2C6A74E1003A26B4 /* StateDetailView.swift */ = {isa = PBXFileReference; lastKnownFileType = sourcecode.swift; path = StateDetailView.swift; sourceTree = "<group>"; };
		4EDDA8AE2C6A7E1B003A26B4 /* SearchBar.swift */ = {isa = PBXFileReference; lastKnownFileType = sourcecode.swift; path = SearchBar.swift; sourceTree = "<group>"; };
/* End PBXFileReference section */

/* Begin PBXFrameworksBuildPhase section */
		4ECC617F2C661B02008BB4DF /* Frameworks */ = {
			isa = PBXFrameworksBuildPhase;
			buildActionMask = 2147483647;
			files = (
				4ECC61DF2C67FF46008BB4DF /* api in Frameworks */,
			);
			runOnlyForDeploymentPostprocessing = 0;
		};
		4ECC618F2C661B03008BB4DF /* Frameworks */ = {
			isa = PBXFrameworksBuildPhase;
			buildActionMask = 2147483647;
			files = (
			);
			runOnlyForDeploymentPostprocessing = 0;
		};
		4ECC61992C661B03008BB4DF /* Frameworks */ = {
			isa = PBXFrameworksBuildPhase;
			buildActionMask = 2147483647;
			files = (
			);
			runOnlyForDeploymentPostprocessing = 0;
		};
/* End PBXFrameworksBuildPhase section */

/* Begin PBXGroup section */
		4ECC61792C661B02008BB4DF = {
			isa = PBXGroup;
			children = (
				4ECC61DC2C67FF30008BB4DF /* api */,
				4ECC61842C661B02008BB4DF /* AmeriCount */,
				4ECC61952C661B03008BB4DF /* AmeriCountTests */,
				4ECC619F2C661B03008BB4DF /* AmeriCountUITests */,
				4ECC61832C661B02008BB4DF /* Products */,
				4ECC61DD2C67FF46008BB4DF /* Frameworks */,
			);
			sourceTree = "<group>";
		};
		4ECC61832C661B02008BB4DF /* Products */ = {
			isa = PBXGroup;
			children = (
				4ECC61822C661B02008BB4DF /* AmeriCount.app */,
				4ECC61922C661B03008BB4DF /* AmeriCountTests.xctest */,
				4ECC619C2C661B03008BB4DF /* AmeriCountUITests.xctest */,
			);
			name = Products;
			sourceTree = "<group>";
		};
		4ECC61842C661B02008BB4DF /* AmeriCount */ = {
			isa = PBXGroup;
			children = (
				4ECC61852C661B02008BB4DF /* AmeriCountApp.swift */,
				4ECC61CC2C6623E5008BB4DF /* MainView.swift */,
				4ECC61E02C6A26AC008BB4DF /* NationalPopulation */,
				4ECC61E12C6A26E3008BB4DF /* StatePopulation */,
				4ECC61B42C661FA2008BB4DF /* Utils */,
				4ECC61892C661B03008BB4DF /* Assets.xcassets */,
				4ECC618B2C661B03008BB4DF /* Preview Content */,
			);
			path = AmeriCount;
			sourceTree = "<group>";
		};
		4ECC618B2C661B03008BB4DF /* Preview Content */ = {
			isa = PBXGroup;
			children = (
				4ECC618C2C661B03008BB4DF /* Preview Assets.xcassets */,
			);
			path = "Preview Content";
			sourceTree = "<group>";
		};
		4ECC61952C661B03008BB4DF /* AmeriCountTests */ = {
			isa = PBXGroup;
			children = (
				4ECC61962C661B03008BB4DF /* AmeriCountTests.swift */,
			);
			path = AmeriCountTests;
			sourceTree = "<group>";
		};
		4ECC619F2C661B03008BB4DF /* AmeriCountUITests */ = {
			isa = PBXGroup;
			children = (
				4ECC61A02C661B03008BB4DF /* AmeriCountUITests.swift */,
				4ECC61A22C661B03008BB4DF /* AmeriCountUITestsLaunchTests.swift */,
			);
			path = AmeriCountUITests;
			sourceTree = "<group>";
		};
		4ECC61B42C661FA2008BB4DF /* Utils */ = {
			isa = PBXGroup;
			children = (
				4EDDA8AE2C6A7E1B003A26B4 /* SearchBar.swift */,
			);
			path = Utils;
			sourceTree = "<group>";
		};
		4ECC61DD2C67FF46008BB4DF /* Frameworks */ = {
			isa = PBXGroup;
			children = (
			);
			name = Frameworks;
			sourceTree = "<group>";
		};
		4ECC61E02C6A26AC008BB4DF /* NationalPopulation */ = {
			isa = PBXGroup;
			children = (
				4ECC61E22C6A2739008BB4DF /* View */,
				4ECC61E32C6A2745008BB4DF /* Viewmodel */,
			);
			path = NationalPopulation;
			sourceTree = "<group>";
		};
		4ECC61E12C6A26E3008BB4DF /* StatePopulation */ = {
			isa = PBXGroup;
			children = (
				4ECC61E72C6A2788008BB4DF /* View */,
				4ECC61E62C6A277F008BB4DF /* Viewmodel */,
			);
			path = StatePopulation;
			sourceTree = "<group>";
		};
		4ECC61E22C6A2739008BB4DF /* View */ = {
			isa = PBXGroup;
			children = (
				4ECC61C82C66233C008BB4DF /* NationalPopulationView.swift */,
			);
			path = View;
			sourceTree = "<group>";
		};
		4ECC61E32C6A2745008BB4DF /* Viewmodel */ = {
			isa = PBXGroup;
			children = (
				4ECC61BA2C6620B4008BB4DF /* NationalPopulationVM.swift */,
			);
			path = Viewmodel;
			sourceTree = "<group>";
		};
		4ECC61E62C6A277F008BB4DF /* Viewmodel */ = {
			isa = PBXGroup;
			children = (
				4ECC61C02C6621A2008BB4DF /* StatePopulationVM.swift */,
			);
			path = Viewmodel;
			sourceTree = "<group>";
		};
		4ECC61E72C6A2788008BB4DF /* View */ = {
			isa = PBXGroup;
			children = (
				4EDDA8AC2C6A74E1003A26B4 /* StateDetailView.swift */,
				4ECC61CA2C66238E008BB4DF /* StatePopulationView.swift */,
			);
			path = View;
			sourceTree = "<group>";
		};
/* End PBXGroup section */

/* Begin PBXNativeTarget section */
		4ECC61812C661B02008BB4DF /* AmeriCount */ = {
			isa = PBXNativeTarget;
			buildConfigurationList = 4ECC61A62C661B03008BB4DF /* Build configuration list for PBXNativeTarget "AmeriCount" */;
			buildPhases = (
				4ECC617E2C661B02008BB4DF /* Sources */,
				4ECC617F2C661B02008BB4DF /* Frameworks */,
				4ECC61802C661B02008BB4DF /* Resources */,
			);
			buildRules = (
			);
			dependencies = (
			);
			name = AmeriCount;
			packageProductDependencies = (
				4ECC61DE2C67FF46008BB4DF /* api */,
			);
			productName = AmeriCount;
			productReference = 4ECC61822C661B02008BB4DF /* AmeriCount.app */;
			productType = "com.apple.product-type.application";
		};
		4ECC61912C661B03008BB4DF /* AmeriCountTests */ = {
			isa = PBXNativeTarget;
			buildConfigurationList = 4ECC61A92C661B03008BB4DF /* Build configuration list for PBXNativeTarget "AmeriCountTests" */;
			buildPhases = (
				4ECC618E2C661B03008BB4DF /* Sources */,
				4ECC618F2C661B03008BB4DF /* Frameworks */,
				4ECC61902C661B03008BB4DF /* Resources */,
			);
			buildRules = (
			);
			dependencies = (
				4ECC61942C661B03008BB4DF /* PBXTargetDependency */,
			);
			name = AmeriCountTests;
			productName = AmeriCountTests;
			productReference = 4ECC61922C661B03008BB4DF /* AmeriCountTests.xctest */;
			productType = "com.apple.product-type.bundle.unit-test";
		};
		4ECC619B2C661B03008BB4DF /* AmeriCountUITests */ = {
			isa = PBXNativeTarget;
			buildConfigurationList = 4ECC61AC2C661B03008BB4DF /* Build configuration list for PBXNativeTarget "AmeriCountUITests" */;
			buildPhases = (
				4ECC61982C661B03008BB4DF /* Sources */,
				4ECC61992C661B03008BB4DF /* Frameworks */,
				4ECC619A2C661B03008BB4DF /* Resources */,
			);
			buildRules = (
			);
			dependencies = (
				4ECC619E2C661B03008BB4DF /* PBXTargetDependency */,
			);
			name = AmeriCountUITests;
			productName = AmeriCountUITests;
			productReference = 4ECC619C2C661B03008BB4DF /* AmeriCountUITests.xctest */;
			productType = "com.apple.product-type.bundle.ui-testing";
		};
/* End PBXNativeTarget section */

/* Begin PBXProject section */
		4ECC617A2C661B02008BB4DF /* Project object */ = {
			isa = PBXProject;
			attributes = {
				BuildIndependentTargetsInParallel = 1;
				LastSwiftUpdateCheck = 1540;
				LastUpgradeCheck = 1540;
				TargetAttributes = {
					4ECC61812C661B02008BB4DF = {
						CreatedOnToolsVersion = 15.4;
					};
					4ECC61912C661B03008BB4DF = {
						CreatedOnToolsVersion = 15.4;
						TestTargetID = 4ECC61812C661B02008BB4DF;
					};
					4ECC619B2C661B03008BB4DF = {
						CreatedOnToolsVersion = 15.4;
						TestTargetID = 4ECC61812C661B02008BB4DF;
					};
				};
			};
			buildConfigurationList = 4ECC617D2C661B02008BB4DF /* Build configuration list for PBXProject "AmeriCount" */;
			compatibilityVersion = "Xcode 14.0";
			developmentRegion = en;
			hasScannedForEncodings = 0;
			knownRegions = (
				en,
				Base,
			);
			mainGroup = 4ECC61792C661B02008BB4DF;
			productRefGroup = 4ECC61832C661B02008BB4DF /* Products */;
			projectDirPath = "";
			projectRoot = "";
			targets = (
				4ECC61812C661B02008BB4DF /* AmeriCount */,
				4ECC61912C661B03008BB4DF /* AmeriCountTests */,
				4ECC619B2C661B03008BB4DF /* AmeriCountUITests */,
			);
		};
/* End PBXProject section */

/* Begin PBXResourcesBuildPhase section */
		4ECC61802C661B02008BB4DF /* Resources */ = {
			isa = PBXResourcesBuildPhase;
			buildActionMask = 2147483647;
			files = (
				4ECC618D2C661B03008BB4DF /* Preview Assets.xcassets in Resources */,
				4ECC618A2C661B03008BB4DF /* Assets.xcassets in Resources */,
			);
			runOnlyForDeploymentPostprocessing = 0;
		};
		4ECC61902C661B03008BB4DF /* Resources */ = {
			isa = PBXResourcesBuildPhase;
			buildActionMask = 2147483647;
			files = (
			);
			runOnlyForDeploymentPostprocessing = 0;
		};
		4ECC619A2C661B03008BB4DF /* Resources */ = {
			isa = PBXResourcesBuildPhase;
			buildActionMask = 2147483647;
			files = (
			);
			runOnlyForDeploymentPostprocessing = 0;
		};
/* End PBXResourcesBuildPhase section */

/* Begin PBXSourcesBuildPhase section */
		4ECC617E2C661B02008BB4DF /* Sources */ = {
			isa = PBXSourcesBuildPhase;
			buildActionMask = 2147483647;
			files = (
				4ECC61CB2C66238E008BB4DF /* StatePopulationView.swift in Sources */,
				4ECC61C12C6621A2008BB4DF /* StatePopulationVM.swift in Sources */,
				4EDDA8AD2C6A74E1003A26B4 /* StateDetailView.swift in Sources */,
				4ECC61C92C66233C008BB4DF /* NationalPopulationView.swift in Sources */,
				4ECC61CD2C6623E5008BB4DF /* MainView.swift in Sources */,
				4ECC61BB2C6620B4008BB4DF /* NationalPopulationVM.swift in Sources */,
				4EDDA8AF2C6A7E1B003A26B4 /* SearchBar.swift in Sources */,
				4ECC61862C661B02008BB4DF /* AmeriCountApp.swift in Sources */,
			);
			runOnlyForDeploymentPostprocessing = 0;
		};
		4ECC618E2C661B03008BB4DF /* Sources */ = {
			isa = PBXSourcesBuildPhase;
			buildActionMask = 2147483647;
			files = (
				4ECC61972C661B03008BB4DF /* AmeriCountTests.swift in Sources */,
			);
			runOnlyForDeploymentPostprocessing = 0;
		};
		4ECC61982C661B03008BB4DF /* Sources */ = {
			isa = PBXSourcesBuildPhase;
			buildActionMask = 2147483647;
			files = (
				4ECC61A12C661B03008BB4DF /* AmeriCountUITests.swift in Sources */,
				4ECC61A32C661B03008BB4DF /* AmeriCountUITestsLaunchTests.swift in Sources */,
			);
			runOnlyForDeploymentPostprocessing = 0;
		};
/* End PBXSourcesBuildPhase section */

/* Begin PBXTargetDependency section */
		4ECC61942C661B03008BB4DF /* PBXTargetDependency */ = {
			isa = PBXTargetDependency;
			target = 4ECC61812C661B02008BB4DF /* AmeriCount */;
			targetProxy = 4ECC61932C661B03008BB4DF /* PBXContainerItemProxy */;
		};
		4ECC619E2C661B03008BB4DF /* PBXTargetDependency */ = {
			isa = PBXTargetDependency;
			target = 4ECC61812C661B02008BB4DF /* AmeriCount */;
			targetProxy = 4ECC619D2C661B03008BB4DF /* PBXContainerItemProxy */;
		};
/* End PBXTargetDependency section */

/* Begin XCBuildConfiguration section */
		4ECC61A42C661B03008BB4DF /* Debug */ = {
			isa = XCBuildConfiguration;
			buildSettings = {
				ALWAYS_SEARCH_USER_PATHS = NO;
				ASSETCATALOG_COMPILER_GENERATE_SWIFT_ASSET_SYMBOL_EXTENSIONS = YES;
				CLANG_ANALYZER_NONNULL = YES;
				CLANG_ANALYZER_NUMBER_OBJECT_CONVERSION = YES_AGGRESSIVE;
				CLANG_CXX_LANGUAGE_STANDARD = "gnu++20";
				CLANG_ENABLE_MODULES = YES;
				CLANG_ENABLE_OBJC_ARC = YES;
				CLANG_ENABLE_OBJC_WEAK = YES;
				CLANG_WARN_BLOCK_CAPTURE_AUTORELEASING = YES;
				CLANG_WARN_BOOL_CONVERSION = YES;
				CLANG_WARN_COMMA = YES;
				CLANG_WARN_CONSTANT_CONVERSION = YES;
				CLANG_WARN_DEPRECATED_OBJC_IMPLEMENTATIONS = YES;
				CLANG_WARN_DIRECT_OBJC_ISA_USAGE = YES_ERROR;
				CLANG_WARN_DOCUMENTATION_COMMENTS = YES;
				CLANG_WARN_EMPTY_BODY = YES;
				CLANG_WARN_ENUM_CONVERSION = YES;
				CLANG_WARN_INFINITE_RECURSION = YES;
				CLANG_WARN_INT_CONVERSION = YES;
				CLANG_WARN_NON_LITERAL_NULL_CONVERSION = YES;
				CLANG_WARN_OBJC_IMPLICIT_RETAIN_SELF = YES;
				CLANG_WARN_OBJC_LITERAL_CONVERSION = YES;
				CLANG_WARN_OBJC_ROOT_CLASS = YES_ERROR;
				CLANG_WARN_QUOTED_INCLUDE_IN_FRAMEWORK_HEADER = YES;
				CLANG_WARN_RANGE_LOOP_ANALYSIS = YES;
				CLANG_WARN_STRICT_PROTOTYPES = YES;
				CLANG_WARN_SUSPICIOUS_MOVE = YES;
				CLANG_WARN_UNGUARDED_AVAILABILITY = YES_AGGRESSIVE;
				CLANG_WARN_UNREACHABLE_CODE = YES;
				CLANG_WARN__DUPLICATE_METHOD_MATCH = YES;
				COPY_PHASE_STRIP = NO;
				DEBUG_INFORMATION_FORMAT = dwarf;
				ENABLE_STRICT_OBJC_MSGSEND = YES;
				ENABLE_TESTABILITY = YES;
				ENABLE_USER_SCRIPT_SANDBOXING = YES;
				GCC_C_LANGUAGE_STANDARD = gnu17;
				GCC_DYNAMIC_NO_PIC = NO;
				GCC_NO_COMMON_BLOCKS = YES;
				GCC_OPTIMIZATION_LEVEL = 0;
				GCC_PREPROCESSOR_DEFINITIONS = (
					"DEBUG=1",
					"$(inherited)",
				);
				GCC_WARN_64_TO_32_BIT_CONVERSION = YES;
				GCC_WARN_ABOUT_RETURN_TYPE = YES_ERROR;
				GCC_WARN_UNDECLARED_SELECTOR = YES;
				GCC_WARN_UNINITIALIZED_AUTOS = YES_AGGRESSIVE;
				GCC_WARN_UNUSED_FUNCTION = YES;
				GCC_WARN_UNUSED_VARIABLE = YES;
				IPHONEOS_DEPLOYMENT_TARGET = 17.5;
				LOCALIZATION_PREFERS_STRING_CATALOGS = YES;
				MTL_ENABLE_DEBUG_INFO = INCLUDE_SOURCE;
				MTL_FAST_MATH = YES;
				ONLY_ACTIVE_ARCH = YES;
				SDKROOT = iphoneos;
				SWIFT_ACTIVE_COMPILATION_CONDITIONS = "DEBUG $(inherited)";
				SWIFT_OPTIMIZATION_LEVEL = "-Onone";
			};
			name = Debug;
		};
		4ECC61A52C661B03008BB4DF /* Release */ = {
			isa = XCBuildConfiguration;
			buildSettings = {
				ALWAYS_SEARCH_USER_PATHS = NO;
				ASSETCATALOG_COMPILER_GENERATE_SWIFT_ASSET_SYMBOL_EXTENSIONS = YES;
				CLANG_ANALYZER_NONNULL = YES;
				CLANG_ANALYZER_NUMBER_OBJECT_CONVERSION = YES_AGGRESSIVE;
				CLANG_CXX_LANGUAGE_STANDARD = "gnu++20";
				CLANG_ENABLE_MODULES = YES;
				CLANG_ENABLE_OBJC_ARC = YES;
				CLANG_ENABLE_OBJC_WEAK = YES;
				CLANG_WARN_BLOCK_CAPTURE_AUTORELEASING = YES;
				CLANG_WARN_BOOL_CONVERSION = YES;
				CLANG_WARN_COMMA = YES;
				CLANG_WARN_CONSTANT_CONVERSION = YES;
				CLANG_WARN_DEPRECATED_OBJC_IMPLEMENTATIONS = YES;
				CLANG_WARN_DIRECT_OBJC_ISA_USAGE = YES_ERROR;
				CLANG_WARN_DOCUMENTATION_COMMENTS = YES;
				CLANG_WARN_EMPTY_BODY = YES;
				CLANG_WARN_ENUM_CONVERSION = YES;
				CLANG_WARN_INFINITE_RECURSION = YES;
				CLANG_WARN_INT_CONVERSION = YES;
				CLANG_WARN_NON_LITERAL_NULL_CONVERSION = YES;
				CLANG_WARN_OBJC_IMPLICIT_RETAIN_SELF = YES;
				CLANG_WARN_OBJC_LITERAL_CONVERSION = YES;
				CLANG_WARN_OBJC_ROOT_CLASS = YES_ERROR;
				CLANG_WARN_QUOTED_INCLUDE_IN_FRAMEWORK_HEADER = YES;
				CLANG_WARN_RANGE_LOOP_ANALYSIS = YES;
				CLANG_WARN_STRICT_PROTOTYPES = YES;
				CLANG_WARN_SUSPICIOUS_MOVE = YES;
				CLANG_WARN_UNGUARDED_AVAILABILITY = YES_AGGRESSIVE;
				CLANG_WARN_UNREACHABLE_CODE = YES;
				CLANG_WARN__DUPLICATE_METHOD_MATCH = YES;
				COPY_PHASE_STRIP = NO;
				DEBUG_INFORMATION_FORMAT = "dwarf-with-dsym";
				ENABLE_NS_ASSERTIONS = NO;
				ENABLE_STRICT_OBJC_MSGSEND = YES;
				ENABLE_USER_SCRIPT_SANDBOXING = YES;
				GCC_C_LANGUAGE_STANDARD = gnu17;
				GCC_NO_COMMON_BLOCKS = YES;
				GCC_WARN_64_TO_32_BIT_CONVERSION = YES;
				GCC_WARN_ABOUT_RETURN_TYPE = YES_ERROR;
				GCC_WARN_UNDECLARED_SELECTOR = YES;
				GCC_WARN_UNINITIALIZED_AUTOS = YES_AGGRESSIVE;
				GCC_WARN_UNUSED_FUNCTION = YES;
				GCC_WARN_UNUSED_VARIABLE = YES;
				IPHONEOS_DEPLOYMENT_TARGET = 17.5;
				LOCALIZATION_PREFERS_STRING_CATALOGS = YES;
				MTL_ENABLE_DEBUG_INFO = NO;
				MTL_FAST_MATH = YES;
				SDKROOT = iphoneos;
				SWIFT_COMPILATION_MODE = wholemodule;
				VALIDATE_PRODUCT = YES;
			};
			name = Release;
		};
		4ECC61A72C661B03008BB4DF /* Debug */ = {
			isa = XCBuildConfiguration;
			buildSettings = {
				ASSETCATALOG_COMPILER_APPICON_NAME = AppIcon;
				ASSETCATALOG_COMPILER_GLOBAL_ACCENT_COLOR_NAME = AccentColor;
				CODE_SIGN_STYLE = Automatic;
				CURRENT_PROJECT_VERSION = 1;
				DEVELOPMENT_ASSET_PATHS = "\"AmeriCount/Preview Content\"";
				DEVELOPMENT_TEAM = 42VXNGNJHN;
				ENABLE_PREVIEWS = YES;
				GENERATE_INFOPLIST_FILE = YES;
				INFOPLIST_KEY_UIApplicationSceneManifest_Generation = YES;
				INFOPLIST_KEY_UIApplicationSupportsIndirectInputEvents = YES;
				INFOPLIST_KEY_UILaunchScreen_Generation = YES;
				INFOPLIST_KEY_UISupportedInterfaceOrientations_iPad = "UIInterfaceOrientationPortrait UIInterfaceOrientationPortraitUpsideDown UIInterfaceOrientationLandscapeLeft UIInterfaceOrientationLandscapeRight";
				INFOPLIST_KEY_UISupportedInterfaceOrientations_iPhone = "UIInterfaceOrientationPortrait UIInterfaceOrientationLandscapeLeft UIInterfaceOrientationLandscapeRight";
				LD_RUNPATH_SEARCH_PATHS = (
					"$(inherited)",
					"@executable_path/Frameworks",
				);
				MARKETING_VERSION = 1.0;
				PRODUCT_BUNDLE_IDENTIFIER = org.v0t.AmeriCount;
				PRODUCT_NAME = "$(TARGET_NAME)";
				SWIFT_EMIT_LOC_STRINGS = YES;
				SWIFT_VERSION = 5.0;
				TARGETED_DEVICE_FAMILY = "1,2";
			};
			name = Debug;
		};
		4ECC61A82C661B03008BB4DF /* Release */ = {
			isa = XCBuildConfiguration;
			buildSettings = {
				ASSETCATALOG_COMPILER_APPICON_NAME = AppIcon;
				ASSETCATALOG_COMPILER_GLOBAL_ACCENT_COLOR_NAME = AccentColor;
				CODE_SIGN_STYLE = Automatic;
				CURRENT_PROJECT_VERSION = 1;
				DEVELOPMENT_ASSET_PATHS = "\"AmeriCount/Preview Content\"";
				DEVELOPMENT_TEAM = 42VXNGNJHN;
				ENABLE_PREVIEWS = YES;
				GENERATE_INFOPLIST_FILE = YES;
				INFOPLIST_KEY_UIApplicationSceneManifest_Generation = YES;
				INFOPLIST_KEY_UIApplicationSupportsIndirectInputEvents = YES;
				INFOPLIST_KEY_UILaunchScreen_Generation = YES;
				INFOPLIST_KEY_UISupportedInterfaceOrientations_iPad = "UIInterfaceOrientationPortrait UIInterfaceOrientationPortraitUpsideDown UIInterfaceOrientationLandscapeLeft UIInterfaceOrientationLandscapeRight";
				INFOPLIST_KEY_UISupportedInterfaceOrientations_iPhone = "UIInterfaceOrientationPortrait UIInterfaceOrientationLandscapeLeft UIInterfaceOrientationLandscapeRight";
				LD_RUNPATH_SEARCH_PATHS = (
					"$(inherited)",
					"@executable_path/Frameworks",
				);
				MARKETING_VERSION = 1.0;
				PRODUCT_BUNDLE_IDENTIFIER = org.v0t.AmeriCount;
				PRODUCT_NAME = "$(TARGET_NAME)";
				SWIFT_EMIT_LOC_STRINGS = YES;
				SWIFT_VERSION = 5.0;
				TARGETED_DEVICE_FAMILY = "1,2";
			};
			name = Release;
		};
		4ECC61AA2C661B03008BB4DF /* Debug */ = {
			isa = XCBuildConfiguration;
			buildSettings = {
				ALWAYS_EMBED_SWIFT_STANDARD_LIBRARIES = YES;
				BUNDLE_LOADER = "$(TEST_HOST)";
				CODE_SIGN_STYLE = Automatic;
				CURRENT_PROJECT_VERSION = 1;
				DEVELOPMENT_TEAM = 42VXNGNJHN;
				GENERATE_INFOPLIST_FILE = YES;
				IPHONEOS_DEPLOYMENT_TARGET = 17.5;
				MARKETING_VERSION = 1.0;
				PRODUCT_BUNDLE_IDENTIFIER = org.v0t.AmeriCountTests;
				PRODUCT_NAME = "$(TARGET_NAME)";
				SWIFT_EMIT_LOC_STRINGS = NO;
				SWIFT_VERSION = 5.0;
				TARGETED_DEVICE_FAMILY = "1,2";
				TEST_HOST = "$(BUILT_PRODUCTS_DIR)/AmeriCount.app/$(BUNDLE_EXECUTABLE_FOLDER_PATH)/AmeriCount";
			};
			name = Debug;
		};
		4ECC61AB2C661B03008BB4DF /* Release */ = {
			isa = XCBuildConfiguration;
			buildSettings = {
				ALWAYS_EMBED_SWIFT_STANDARD_LIBRARIES = YES;
				BUNDLE_LOADER = "$(TEST_HOST)";
				CODE_SIGN_STYLE = Automatic;
				CURRENT_PROJECT_VERSION = 1;
				DEVELOPMENT_TEAM = 42VXNGNJHN;
				GENERATE_INFOPLIST_FILE = YES;
				IPHONEOS_DEPLOYMENT_TARGET = 17.5;
				MARKETING_VERSION = 1.0;
				PRODUCT_BUNDLE_IDENTIFIER = org.v0t.AmeriCountTests;
				PRODUCT_NAME = "$(TARGET_NAME)";
				SWIFT_EMIT_LOC_STRINGS = NO;
				SWIFT_VERSION = 5.0;
				TARGETED_DEVICE_FAMILY = "1,2";
				TEST_HOST = "$(BUILT_PRODUCTS_DIR)/AmeriCount.app/$(BUNDLE_EXECUTABLE_FOLDER_PATH)/AmeriCount";
			};
			name = Release;
		};
		4ECC61AD2C661B03008BB4DF /* Debug */ = {
			isa = XCBuildConfiguration;
			buildSettings = {
				ALWAYS_EMBED_SWIFT_STANDARD_LIBRARIES = YES;
				CODE_SIGN_STYLE = Automatic;
				CURRENT_PROJECT_VERSION = 1;
				DEVELOPMENT_TEAM = 42VXNGNJHN;
				GENERATE_INFOPLIST_FILE = YES;
				MARKETING_VERSION = 1.0;
				PRODUCT_BUNDLE_IDENTIFIER = org.v0t.AmeriCountUITests;
				PRODUCT_NAME = "$(TARGET_NAME)";
				SWIFT_EMIT_LOC_STRINGS = NO;
				SWIFT_VERSION = 5.0;
				TARGETED_DEVICE_FAMILY = "1,2";
				TEST_TARGET_NAME = AmeriCount;
			};
			name = Debug;
		};
		4ECC61AE2C661B03008BB4DF /* Release */ = {
			isa = XCBuildConfiguration;
			buildSettings = {
				ALWAYS_EMBED_SWIFT_STANDARD_LIBRARIES = YES;
				CODE_SIGN_STYLE = Automatic;
				CURRENT_PROJECT_VERSION = 1;
				DEVELOPMENT_TEAM = 42VXNGNJHN;
				GENERATE_INFOPLIST_FILE = YES;
				MARKETING_VERSION = 1.0;
				PRODUCT_BUNDLE_IDENTIFIER = org.v0t.AmeriCountUITests;
				PRODUCT_NAME = "$(TARGET_NAME)";
				SWIFT_EMIT_LOC_STRINGS = NO;
				SWIFT_VERSION = 5.0;
				TARGETED_DEVICE_FAMILY = "1,2";
				TEST_TARGET_NAME = AmeriCount;
			};
			name = Release;
		};
/* End XCBuildConfiguration section */

/* Begin XCConfigurationList section */
		4ECC617D2C661B02008BB4DF /* Build configuration list for PBXProject "AmeriCount" */ = {
			isa = XCConfigurationList;
			buildConfigurations = (
				4ECC61A42C661B03008BB4DF /* Debug */,
				4ECC61A52C661B03008BB4DF /* Release */,
			);
			defaultConfigurationIsVisible = 0;
			defaultConfigurationName = Release;
		};
		4ECC61A62C661B03008BB4DF /* Build configuration list for PBXNativeTarget "AmeriCount" */ = {
			isa = XCConfigurationList;
			buildConfigurations = (
				4ECC61A72C661B03008BB4DF /* Debug */,
				4ECC61A82C661B03008BB4DF /* Release */,
			);
			defaultConfigurationIsVisible = 0;
			defaultConfigurationName = Release;
		};
		4ECC61A92C661B03008BB4DF /* Build configuration list for PBXNativeTarget "AmeriCountTests" */ = {
			isa = XCConfigurationList;
			buildConfigurations = (
				4ECC61AA2C661B03008BB4DF /* Debug */,
				4ECC61AB2C661B03008BB4DF /* Release */,
			);
			defaultConfigurationIsVisible = 0;
			defaultConfigurationName = Release;
		};
		4ECC61AC2C661B03008BB4DF /* Build configuration list for PBXNativeTarget "AmeriCountUITests" */ = {
			isa = XCConfigurationList;
			buildConfigurations = (
				4ECC61AD2C661B03008BB4DF /* Debug */,
				4ECC61AE2C661B03008BB4DF /* Release */,
			);
			defaultConfigurationIsVisible = 0;
			defaultConfigurationName = Release;
		};
/* End XCConfigurationList section */

/* Begin XCSwiftPackageProductDependency section */
		4ECC61DE2C67FF46008BB4DF /* api */ = {
			isa = XCSwiftPackageProductDependency;
			productName = api;
		};
/* End XCSwiftPackageProductDependency section */
	};
	rootObject = 4ECC617A2C661B02008BB4DF /* Project object */;
}
